
Microsoft Visual Studio Solution File, Format Version 12.00
# Visual Studio Version 17
VisualStudioVersion = 17.0.32014.148
MinimumVisualStudioVersion = 10.0.40219.1
Project("{FAE04EC0-301F-11D3-BF4B-00C04F79EFBC}") = "GenerateQRCode", "GenerateQRCode\GenerateQRCode.csproj", "{7F156E1D-0FD5-4445-BEB4-ED6A8FF25948}"
EndProject
Global
	GlobalSection(SolutionConfigurationPlatforms) = preSolution
		Debug|Any CPU = Debug|Any CPU
		Release|Any CPU = Release|Any CPU
	EndGlobalSection
	GlobalSection(ProjectConfigurationPlatforms) = postSolution
		{7F156E1D-0FD5-4445-BEB4-ED6A8FF25948}.Debug|Any CPU.ActiveCfg = Debug|Any CPU
		{7F156E1D-0FD5-4445-BEB4-ED6A8FF25948}.Debug|Any CPU.Build.0 = Debug|Any CPU
		{7F156E1D-0FD5-4445-BEB4-ED6A8FF25948}.Release|Any CPU.ActiveCfg = Release|Any CPU
		{7F156E1D-0FD5-4445-BEB4-ED6A8FF25948}.Release|Any CPU.Build.0 = Release|Any CPU
	EndGlobalSection
	GlobalSection(SolutionProperties) = preSolution
		HideSolutionNode = FALSE
	EndGlobalSection
	GlobalSection(ExtensibilityGlobals) = postSolution
		SolutionGuid = {E5A4FAA6-F6C7-445A-9804-54D6E721D094}
	EndGlobalSection
EndGlobal
